
Microsoft Visual Studio Solution File, Format Version 12.00
# Visual Studio Version 16
VisualStudioVersion = 16.0.30804.86
MinimumVisualStudioVersion = 10.0.40219.1
Project("{FAE04EC0-301F-11D3-BF4B-00C04F79EFBC}") = "DemoApp.Android", "DemoApp\DemoApp.Android\DemoApp.Android.csproj", "{912A684C-0CB0-4E1C-A9C2-C9EBA4CC6F27}"
EndProject
Project("{FAE04EC0-301F-11D3-BF4B-00C04F79EFBC}") = "DemoApp.iOS", "DemoApp\DemoApp.iOS\DemoApp.iOS.csproj", "{87034F91-52F1-423F-BCD9-2CD3500E3DC4}"
EndProject
Project("{9A19103F-16F7-4668-BE54-9A1E7A4F7556}") = "DemoApp", "DemoApp\DemoApp\DemoApp.csproj", "{AE31A8E7-5D1C-4AC6-B092-59F198CDD378}"
EndProject
Global
	GlobalSection(SolutionConfigurationPlatforms) = preSolution
		Debug|Any CPU = Debug|Any CPU
		Debug|ARM = Debug|ARM
		Debug|iPhone = Debug|iPhone
		Debug|iPhoneSimulator = Debug|iPhoneSimulator
		Debug|x64 = Debug|x64
		Debug|x86 = Debug|x86
		Release|Any CPU = Release|Any CPU
		Release|ARM = Release|ARM
		Release|iPhone = Release|iPhone
		Release|iPhoneSimulator = Release|iPhoneSimulator
		Release|x64 = Release|x64
		Release|x86 = Release|x86
	EndGlobalSection
	GlobalSection(ProjectConfigurationPlatforms) = postSolution
		{912A684C-0CB0-4E1C-A9C2-C9EBA4CC6F27}.Debug|Any CPU.ActiveCfg = Debug|Any CPU
		{912A684C-0CB0-4E1C-A9C2-C9EBA4CC6F27}.Debug|Any CPU.Build.0 = Debug|Any CPU
		{912A684C-0CB0-4E1C-A9C2-C9EBA4CC6F27}.Debug|Any CPU.Deploy.0 = Debug|Any CPU
		{912A684C-0CB0-4E1C-A9C2-C9EBA4CC6F27}.Debug|ARM.ActiveCfg = Debug|Any CPU
		{912A684C-0CB0-4E1C-A9C2-C9EBA4CC6F27}.Debug|ARM.Build.0 = Debug|Any CPU
		{912A684C-0CB0-4E1C-A9C2-C9EBA4CC6F27}.Debug|ARM.Deploy.0 = Debug|Any CPU
		{912A684C-0CB0-4E1C-A9C2-C9EBA4CC6F27}.Debug|iPhone.ActiveCfg = Debug|Any CPU
		{912A684C-0CB0-4E1C-A9C2-C9EBA4CC6F27}.Debug|iPhone.Build.0 = Debug|Any CPU
		{912A684C-0CB0-4E1C-A9C2-C9EBA4CC6F27}.Debug|iPhone.Deploy.0 = Debug|Any CPU
		{912A684C-0CB0-4E1C-A9C2-C9EBA4CC6F27}.Debug|iPhoneSimulator.ActiveCfg = Debug|Any CPU
		{912A684C-0CB0-4E1C-A9C2-C9EBA4CC6F27}.Debug|iPhoneSimulator.Build.0 = Debug|Any CPU
		{912A684C-0CB0-4E1C-A9C2-C9EBA4CC6F27}.Debug|iPhoneSimulator.Deploy.0 = Debug|Any CPU
		{912A684C-0CB0-4E1C-A9C2-C9EBA4CC6F27}.Debug|x64.ActiveCfg = Debug|Any CPU
		{912A684C-0CB0-4E1C-A9C2-C9EBA4CC6F27}.Debug|x64.Build.0 = Debug|Any CPU
		{912A684C-0CB0-4E1C-A9C2-C9EBA4CC6F27}.Debug|x64.Deploy.0 = Debug|Any CPU
		{912A684C-0CB0-4E1C-A9C2-C9EBA4CC6F27}.Debug|x86.ActiveCfg = Debug|Any CPU
		{912A684C-0CB0-4E1C-A9C2-C9EBA4CC6F27}.Debug|x86.Build.0 = Debug|Any CPU
		{912A684C-0CB0-4E1C-A9C2-C9EBA4CC6F27}.Debug|x86.Deploy.0 = Debug|Any CPU
		{912A684C-0CB0-4E1C-A9C2-C9EBA4CC6F27}.Release|Any CPU.ActiveCfg = Release|Any CPU
		{912A684C-0CB0-4E1C-A9C2-C9EBA4CC6F27}.Release|Any CPU.Build.0 = Release|Any CPU
		{912A684C-0CB0-4E1C-A9C2-C9EBA4CC6F27}.Release|Any CPU.Deploy.0 = Release|Any CPU
		{912A684C-0CB0-4E1C-A9C2-C9EBA4CC6F27}.Release|ARM.ActiveCfg = Release|Any CPU
		{912A684C-0CB0-4E1C-A9C2-C9EBA4CC6F27}.Release|ARM.Build.0 = Release|Any CPU
		{912A684C-0CB0-4E1C-A9C2-C9EBA4CC6F27}.Release|ARM.Deploy.0 = Release|Any CPU
		{912A684C-0CB0-4E1C-A9C2-C9EBA4CC6F27}.Release|iPhone.ActiveCfg = Release|Any CPU
		{912A684C-0CB0-4E1C-A9C2-C9EBA4CC6F27}.Release|iPhone.Build.0 = Release|Any CPU
		{912A684C-0CB0-4E1C-A9C2-C9EBA4CC6F27}.Release|iPhone.Deploy.0 = Release|Any CPU
		{912A684C-0CB0-4E1C-A9C2-C9EBA4CC6F27}.Release|iPhoneSimulator.ActiveCfg = Release|Any CPU
		{912A684C-0CB0-4E1C-A9C2-C9EBA4CC6F27}.Release|iPhoneSimulator.Build.0 = Release|Any CPU
		{912A684C-0CB0-4E1C-A9C2-C9EBA4CC6F27}.Release|iPhoneSimulator.Deploy.0 = Release|Any CPU
		{912A684C-0CB0-4E1C-A9C2-C9EBA4CC6F27}.Release|x64.ActiveCfg = Release|Any CPU
		{912A684C-0CB0-4E1C-A9C2-C9EBA4CC6F27}.Release|x64.Build.0 = Release|Any CPU
		{912A684C-0CB0-4E1C-A9C2-C9EBA4CC6F27}.Release|x64.Deploy.0 = Release|Any CPU
		{912A684C-0CB0-4E1C-A9C2-C9EBA4CC6F27}.Release|x86.ActiveCfg = Release|Any CPU
		{912A684C-0CB0-4E1C-A9C2-C9EBA4CC6F27}.Release|x86.Build.0 = Release|Any CPU
		{912A684C-0CB0-4E1C-A9C2-C9EBA4CC6F27}.Release|x86.Deploy.0 = Release|Any CPU
		{87034F91-52F1-423F-BCD9-2CD3500E3DC4}.Debug|Any CPU.ActiveCfg = Debug|iPhoneSimulator
		{87034F91-52F1-423F-BCD9-2CD3500E3DC4}.Debug|Any CPU.Build.0 = Debug|iPhoneSimulator
		{87034F91-52F1-423F-BCD9-2CD3500E3DC4}.Debug|Any CPU.Deploy.0 = Debug|iPhoneSimulator
		{87034F91-52F1-423F-BCD9-2CD3500E3DC4}.Debug|ARM.ActiveCfg = Debug|iPhone
		{87034F91-52F1-423F-BCD9-2CD3500E3DC4}.Debug|ARM.Build.0 = Debug|iPhone
		{87034F91-52F1-423F-BCD9-2CD3500E3DC4}.Debug|ARM.Deploy.0 = Debug|iPhone
		{87034F91-52F1-423F-BCD9-2CD3500E3DC4}.Debug|iPhone.ActiveCfg = Debug|iPhone
		{87034F91-52F1-423F-BCD9-2CD3500E3DC4}.Debug|iPhone.Build.0 = Debug|iPhone
		{87034F91-52F1-423F-BCD9-2CD3500E3DC4}.Debug|iPhone.Deploy.0 = Debug|iPhone
		{87034F91-52F1-423F-BCD9-2CD3500E3DC4}.Debug|iPhoneSimulator.ActiveCfg = Debug|iPhoneSimulator
		{87034F91-52F1-423F-BCD9-2CD3500E3DC4}.Debug|iPhoneSimulator.Build.0 = Debug|iPhoneSimulator
		{87034F91-52F1-423F-BCD9-2CD3500E3DC4}.Debug|iPhoneSimulator.Deploy.0 = Debug|iPhoneSimulator
		{87034F91-52F1-423F-BCD9-2CD3500E3DC4}.Debug|x64.ActiveCfg = Debug|iPhoneSimulator
		{87034F91-52F1-423F-BCD9-2CD3500E3DC4}.Debug|x64.Build.0 = Debug|iPhoneSimulator
		{87034F91-52F1-423F-BCD9-2CD3500E3DC4}.Debug|x64.Deploy.0 = Debug|iPhoneSimulator
		{87034F91-52F1-423F-BCD9-2CD3500E3DC4}.Debug|x86.ActiveCfg = Debug|iPhoneSimulator
		{87034F91-52F1-423F-BCD9-2CD3500E3DC4}.Debug|x86.Build.0 = Debug|iPhoneSimulator
		{87034F91-52F1-423F-BCD9-2CD3500E3DC4}.Debug|x86.Deploy.0 = Debug|iPhoneSimulator
		{87034F91-52F1-423F-BCD9-2CD3500E3DC4}.Release|Any CPU.ActiveCfg = Release|iPhoneSimulator
		{87034F91-52F1-423F-BCD9-2CD3500E3DC4}.Release|Any CPU.Build.0 = Release|iPhoneSimulator
		{87034F91-52F1-423F-BCD9-2CD3500E3DC4}.Release|Any CPU.Deploy.0 = Release|iPhoneSimulator
		{87034F91-52F1-423F-BCD9-2CD3500E3DC4}.Release|ARM.ActiveCfg = Release|iPhoneSimulator
		{87034F91-52F1-423F-BCD9-2CD3500E3DC4}.Release|ARM.Build.0 = Release|iPhoneSimulator
		{87034F91-52F1-423F-BCD9-2CD3500E3DC4}.Release|ARM.Deploy.0 = Release|iPhoneSimulator
		{87034F91-52F1-423F-BCD9-2CD3500E3DC4}.Release|iPhone.ActiveCfg = Release|iPhone
		{87034F91-52F1-423F-BCD9-2CD3500E3DC4}.Release|iPhone.Build.0 = Release|iPhone
		{87034F91-52F1-423F-BCD9-2CD3500E3DC4}.Release|iPhone.Deploy.0 = Release|iPhone
		{87034F91-52F1-423F-BCD9-2CD3500E3DC4}.Release|iPhoneSimulator.ActiveCfg = Release|iPhoneSimulator
		{87034F91-52F1-423F-BCD9-2CD3500E3DC4}.Release|iPhoneSimulator.Build.0 = Release|iPhoneSimulator
		{87034F91-52F1-423F-BCD9-2CD3500E3DC4}.Release|iPhoneSimulator.Deploy.0 = Release|iPhoneSimulator
		{87034F91-52F1-423F-BCD9-2CD3500E3DC4}.Release|x64.ActiveCfg = Release|iPhoneSimulator
		{87034F91-52F1-423F-BCD9-2CD3500E3DC4}.Release|x64.Build.0 = Release|iPhoneSimulator
		{87034F91-52F1-423F-BCD9-2CD3500E3DC4}.Release|x64.Deploy.0 = Release|iPhoneSimulator
		{87034F91-52F1-423F-BCD9-2CD3500E3DC4}.Release|x86.ActiveCfg = Release|iPhoneSimulator
		{87034F91-52F1-423F-BCD9-2CD3500E3DC4}.Release|x86.Build.0 = Release|iPhoneSimulator
		{87034F91-52F1-423F-BCD9-2CD3500E3DC4}.Release|x86.Deploy.0 = Release|iPhoneSimulator
		{AE31A8E7-5D1C-4AC6-B092-59F198CDD378}.Debug|Any CPU.ActiveCfg = Debug|Any CPU
		{AE31A8E7-5D1C-4AC6-B092-59F198CDD378}.Debug|Any CPU.Build.0 = Debug|Any CPU
		{AE31A8E7-5D1C-4AC6-B092-59F198CDD378}.Debug|Any CPU.Deploy.0 = Debug|Any CPU
		{AE31A8E7-5D1C-4AC6-B092-59F198CDD378}.Debug|ARM.ActiveCfg = Debug|Any CPU
		{AE31A8E7-5D1C-4AC6-B092-59F198CDD378}.Debug|ARM.Build.0 = Debug|Any CPU
		{AE31A8E7-5D1C-4AC6-B092-59F198CDD378}.Debug|ARM.Deploy.0 = Debug|Any CPU
		{AE31A8E7-5D1C-4AC6-B092-59F198CDD378}.Debug|iPhone.ActiveCfg = Debug|Any CPU
		{AE31A8E7-5D1C-4AC6-B092-59F198CDD378}.Debug|iPhone.Build.0 = Debug|Any CPU
		{AE31A8E7-5D1C-4AC6-B092-59F198CDD378}.Debug|iPhone.Deploy.0 = Debug|Any CPU
		{AE31A8E7-5D1C-4AC6-B092-59F198CDD378}.Debug|iPhoneSimulator.ActiveCfg = Debug|Any CPU
		{AE31A8E7-5D1C-4AC6-B092-59F198CDD378}.Debug|iPhoneSimulator.Build.0 = Debug|Any CPU
		{AE31A8E7-5D1C-4AC6-B092-59F198CDD378}.Debug|iPhoneSimulator.Deploy.0 = Debug|Any CPU
		{AE31A8E7-5D1C-4AC6-B092-59F198CDD378}.Debug|x64.ActiveCfg = Debug|Any CPU
		{AE31A8E7-5D1C-4AC6-B092-59F198CDD378}.Debug|x64.Build.0 = Debug|Any CPU
		{AE31A8E7-5D1C-4AC6-B092-59F198CDD378}.Debug|x64.Deploy.0 = Debug|Any CPU
		{AE31A8E7-5D1C-4AC6-B092-59F198CDD378}.Debug|x86.ActiveCfg = Debug|Any CPU
		{AE31A8E7-5D1C-4AC6-B092-59F198CDD378}.Debug|x86.Build.0 = Debug|Any CPU
		{AE31A8E7-5D1C-4AC6-B092-59F198CDD378}.Debug|x86.Deploy.0 = Debug|Any CPU
		{AE31A8E7-5D1C-4AC6-B092-59F198CDD378}.Release|Any CPU.ActiveCfg = Release|Any CPU
		{AE31A8E7-5D1C-4AC6-B092-59F198CDD378}.Release|Any CPU.Build.0 = Release|Any CPU
		{AE31A8E7-5D1C-4AC6-B092-59F198CDD378}.Release|Any CPU.Deploy.0 = Release|Any CPU
		{AE31A8E7-5D1C-4AC6-B092-59F198CDD378}.Release|ARM.ActiveCfg = Release|Any CPU
		{AE31A8E7-5D1C-4AC6-B092-59F198CDD378}.Release|ARM.Build.0 = Release|Any CPU
		{AE31A8E7-5D1C-4AC6-B092-59F198CDD378}.Release|ARM.Deploy.0 = Release|Any CPU
		{AE31A8E7-5D1C-4AC6-B092-59F198CDD378}.Release|iPhone.ActiveCfg = Release|Any CPU
		{AE31A8E7-5D1C-4AC6-B092-59F198CDD378}.Release|iPhone.Build.0 = Release|Any CPU
		{AE31A8E7-5D1C-4AC6-B092-59F198CDD378}.Release|iPhone.Deploy.0 = Release|Any CPU
		{AE31A8E7-5D1C-4AC6-B092-59F198CDD378}.Release|iPhoneSimulator.ActiveCfg = Release|Any CPU
		{AE31A8E7-5D1C-4AC6-B092-59F198CDD378}.Release|iPhoneSimulator.Build.0 = Release|Any CPU
		{AE31A8E7-5D1C-4AC6-B092-59F198CDD378}.Release|iPhoneSimulator.Deploy.0 = Release|Any CPU
		{AE31A8E7-5D1C-4AC6-B092-59F198CDD378}.Release|x64.ActiveCfg = Release|Any CPU
		{AE31A8E7-5D1C-4AC6-B092-59F198CDD378}.Release|x64.Build.0 = Release|Any CPU
		{AE31A8E7-5D1C-4AC6-B092-59F198CDD378}.Release|x64.Deploy.0 = Release|Any CPU
		{AE31A8E7-5D1C-4AC6-B092-59F198CDD378}.Release|x86.ActiveCfg = Release|Any CPU
		{AE31A8E7-5D1C-4AC6-B092-59F198CDD378}.Release|x86.Build.0 = Release|Any CPU
		{AE31A8E7-5D1C-4AC6-B092-59F198CDD378}.Release|x86.Deploy.0 = Release|Any CPU
	EndGlobalSection
	GlobalSection(SolutionProperties) = preSolution
		HideSolutionNode = FALSE
	EndGlobalSection
	GlobalSection(ExtensibilityGlobals) = postSolution
		SolutionGuid = {F37B99A9-74BB-49CF-8B96-791C8E8EE40A}
	EndGlobalSection
EndGlobal
